
Microsoft Visual Studio Solution File, Format Version 12.00
# Visual Studio Version 17
VisualStudioVersion = 17.2.32630.192
MinimumVisualStudioVersion = 10.0.40219.1
Project("{9A19103F-16F7-4668-BE54-9A1E7A4F7556}") = "Spicy Invader Cyril", "Spicy Invader Cyril.csproj", "{BA3921CB-1174-44E6-87A7-6D54DD19AB40}"
EndProject
Project("{FAE04EC0-301F-11D3-BF4B-00C04F79EFBC}") = "Spicy Invader CyrilTests", "..\Spicy Invader CyrilTests\Spicy Invader CyrilTests.csproj", "{B15B28FC-8316-459A-85D8-D96171F5F739}"
EndProject
Global
	GlobalSection(SolutionConfigurationPlatforms) = preSolution
		Debug|Any CPU = Debug|Any CPU
		Release|Any CPU = Release|Any CPU
	EndGlobalSection
	GlobalSection(ProjectConfigurationPlatforms) = postSolution
		{BA3921CB-1174-44E6-87A7-6D54DD19AB40}.Debug|Any CPU.ActiveCfg = Debug|Any CPU
		{BA3921CB-1174-44E6-87A7-6D54DD19AB40}.Debug|Any CPU.Build.0 = Debug|Any CPU
		{BA3921CB-1174-44E6-87A7-6D54DD19AB40}.Release|Any CPU.ActiveCfg = Release|Any CPU
		{BA3921CB-1174-44E6-87A7-6D54DD19AB40}.Release|Any CPU.Build.0 = Release|Any CPU
		{B15B28FC-8316-459A-85D8-D96171F5F739}.Debug|Any CPU.ActiveCfg = Debug|Any CPU
		{B15B28FC-8316-459A-85D8-D96171F5F739}.Debug|Any CPU.Build.0 = Debug|Any CPU
		{B15B28FC-8316-459A-85D8-D96171F5F739}.Release|Any CPU.ActiveCfg = Release|Any CPU
		{B15B28FC-8316-459A-85D8-D96171F5F739}.Release|Any CPU.Build.0 = Release|Any CPU
	EndGlobalSection
	GlobalSection(SolutionProperties) = preSolution
		HideSolutionNode = FALSE
	EndGlobalSection
	GlobalSection(ExtensibilityGlobals) = postSolution
		SolutionGuid = {61CF1CF0-EEDC-4000-BC2C-6745B9A8913A}
	EndGlobalSection
EndGlobal
